
Microsoft Visual Studio Solution File, Format Version 12.00
# Visual Studio Version 17
VisualStudioVersion = 17.1.32421.90
MinimumVisualStudioVersion = 10.0.40219.1
Project("{FAE04EC0-301F-11D3-BF4B-00C04F79EFBC}") = "Phone Book", "Phone Book\Phone Book.csproj", "{950D9467-AF25-430A-8273-7299FD286ABC}"
EndProject
Global
	GlobalSection(SolutionConfigurationPlatforms) = preSolution
		Debug|Any CPU = Debug|Any CPU
		Release|Any CPU = Release|Any CPU
	EndGlobalSection
	GlobalSection(ProjectConfigurationPlatforms) = postSolution
		{950D9467-AF25-430A-8273-7299FD286ABC}.Debug|Any CPU.ActiveCfg = Debug|Any CPU
		{950D9467-AF25-430A-8273-7299FD286ABC}.Debug|Any CPU.Build.0 = Debug|Any CPU
		{950D9467-AF25-430A-8273-7299FD286ABC}.Release|Any CPU.ActiveCfg = Release|Any CPU
		{950D9467-AF25-430A-8273-7299FD286ABC}.Release|Any CPU.Build.0 = Release|Any CPU
	EndGlobalSection
	GlobalSection(SolutionProperties) = preSolution
		HideSolutionNode = FALSE
	EndGlobalSection
	GlobalSection(ExtensibilityGlobals) = postSolution
		SolutionGuid = {8493A5FB-D66F-451B-9FC3-2C3970CC4345}
	EndGlobalSection
EndGlobal
